dependencies:
  espressif/esp-dsp:
    component_hash: fa7fe74305df6da25867437ebcd4213e047cbfc0556cf92067ab657fce537c6e
    dependencies:
    - name: idf
      registry_url: https://components.espressif.com
      require: private
      version: '>=4.2'
    source:
      registry_url: https://components.espressif.com/
      type: service
    version: 1.5.2
  espressif/mdns:
    component_hash: f5267872ed0c810d1b281c41a567cace7b3a3695c0df9dff89f631e9ba426ed0
    dependencies:
    - name: idf
      require: private
      version: '>=5.0'
    source:
      registry_url: https://components.espressif.com/
      type: service
    version: 1.4.2
  idf:
    source:
      type: idf
    version: 5.1.4
  joltwallet/littlefs:
    component_hash: 8db51df440618098a68a276ed032ecd1589e6decd95ae756e2941d85e4ac6c87
    dependencies:
    - name: idf
      require: private
      version: '>=4.3'
    source:
      registry_url: https://components.espressif.com/
      type: service
    version: 1.16.0
direct_dependencies:
- espressif/esp-dsp
- espressif/mdns
- idf
- joltwallet/littlefs
manifest_hash: 464682bff9e45aae6f6ba67652cb24bcb40137cb722b9c76a723f04ec84f8b96
target: esp32c6
version: 2.0.0
